{
  "name": "vm-emulator",
  "version": "1.0.0",
  "lockfileVersion": 2,
  "requires": true,
  "packages": {
    "": {
      "name": "vm-emulator",
      "version": "1.0.0",
      "license": "ISC",
      "dependencies": {
        "uniqid": "^5.4.0"
      },
      "devDependencies": {}
    },
    "node_modules/@types/node": {
      "version": "18.11.18",
      "resolved": "https://registry.npmjs.org/@types/node/-/node-18.11.18.tgz",
      "integrity": "sha512-DHQpWGjyQKSHj3ebjFI/wRKcqQcdR+MoFBygntYOZytCqNfkd2ZC4ARDJ2DQqhjH5p85Nnd3jhUJIXrszFX/JA==",
      "dev": true
    },
    "node_modules/typescript": {
      "version": "4.9.4",
      "resolved": "https://registry.npmjs.org/typescript/-/typescript-4.9.4.tgz",
      "integrity": "sha512-Uz+dTXYzxXXbsFpM86Wh3dKCxrQqUcVMxwU54orwlJjOpO3ao8L7j5lH+dWfTwgCwIuM9GQ2kvVotzYJMXTBZg==",
      "dev": true,
      "bin": {
        "tsc": "bin/tsc",
        "tsserver": "bin/tsserver"
      },
      "engines": {
        "node": ">=4.2.0"
      }
    },
    "node_modules/uniqid": {
      "version": "5.4.0",
      "resolved": "https://registry.npmjs.org/uniqid/-/uniqid-5.4.0.tgz",
      "integrity": "sha512-38JRbJ4Fj94VmnC7G/J/5n5SC7Ab46OM5iNtSstB/ko3l1b5g7ALt4qzHFgGciFkyiRNtDXtLNb+VsxtMSE77A=="
    }
  },
  "dependencies": {
    "@types/node": {
      "version": "https://registry.npmjs.org/@types/node/-/node-18.11.18.tgz",
      "integrity": "sha512-DHQpWGjyQKSHj3ebjFI/wRKcqQcdR+MoFBygntYOZytCqNfkd2ZC4ARDJ2DQqhjH5p85Nnd3jhUJIXrszFX/JA==",
      "dev": true
    },
    "typescript": {
      "version": "https://registry.npmjs.org/typescript/-/typescript-4.9.4.tgz",
      "integrity": "sha512-Uz+dTXYzxXXbsFpM86Wh3dKCxrQqUcVMxwU54orwlJjOpO3ao8L7j5lH+dWfTwgCwIuM9GQ2kvVotzYJMXTBZg==",
      "dev": true
    },
    "uniqid": {
      "version": "5.4.0",
      "resolved": "https://registry.npmjs.org/uniqid/-/uniqid-5.4.0.tgz",
      "integrity": "sha512-38JRbJ4Fj94VmnC7G/J/5n5SC7Ab46OM5iNtSstB/ko3l1b5g7ALt4qzHFgGciFkyiRNtDXtLNb+VsxtMSE77A=="
    }
  }
}
